<?xml version="1.0" encoding="utf-8"?>
<Project ToolsVersion="4.0" xmlns="http://schemas.microsoft.com/developer/msbuild/2003">
  <ItemGroup>
    <Filter Include="Source Files">
      <UniqueIdentifier>{48f2c851-0e86-4ab5-b271-1feb75d53ff7}</UniqueIdentifier>
      <Extensions>*.c</Extensions>
    </Filter>
    <Filter Include="Header Files">
      <UniqueIdentifier>{85ee697a-b244-4c4e-8614-f5faa44deb54}</UniqueIdentifier>
      <Extensions>*.h</Extensions>
    </Filter>
    <Filter Include="Resource Files">
      <UniqueIdentifier>{417d69c6-7a77-4ed3-8389-230b1a71a331}</UniqueIdentifier>
      <Extensions>*.rc</Extensions>
    </Filter>
    <Filter Include="Other files">
      <UniqueIdentifier>{480b4ff1-a407-4aaa-bd77-62c4f0b4ffe8}</UniqueIdentifier>
    </Filter>
  </ItemGroup>
  <ItemGroup>
    <ClCompile Include="bench.c">
      <Filter>Source Files</Filter>
    </ClCompile>
    <ClCompile Include="error.c">
      <Filter>Source Files</Filter>
    </ClCompile>
    <ClCompile Include="image.c">
      <Filter>Source Files</Filter>
    </ClCompile>
    <ClCompile Include="lrattack.c">
      <Filter>Source Files</Filter>
    </ClCompile>
    <ClCompile Include="quality.c">
      <Filter>Source Files</Filter>
    </ClCompile>
    <ClCompile Include="quantise.c">
      <Filter>Source Files</Filter>
    </ClCompile>
    <ClCompile Include="reconstructers.c">
      <Filter>Source Files</Filter>
    </ClCompile>
    <ClCompile Include="resamplers.c">
      <Filter>Source Files</Filter>
    </ClCompile>
    <ClCompile Include="stirmark.c">
      <Filter>Source Files</Filter>
    </ClCompile>
    <ClCompile Include="transformations.c">
      <Filter>Source Files</Filter>
    </ClCompile>
  </ItemGroup>
  <ItemGroup>
    <ClInclude Include="bench.h">
      <Filter>Header Files</Filter>
    </ClInclude>
    <ClInclude Include="error.h">
      <Filter>Header Files</Filter>
    </ClInclude>
    <ClInclude Include="image.h">
      <Filter>Header Files</Filter>
    </ClInclude>
    <ClInclude Include="lrattack.h">
      <Filter>Header Files</Filter>
    </ClInclude>
    <ClInclude Include="quality.h">
      <Filter>Header Files</Filter>
    </ClInclude>
    <ClInclude Include="quantise.h">
      <Filter>Header Files</Filter>
    </ClInclude>
    <ClInclude Include="reconstructers.h">
      <Filter>Header Files</Filter>
    </ClInclude>
    <ClInclude Include="resamplers.h">
      <Filter>Header Files</Filter>
    </ClInclude>
    <ClInclude Include="stirmark.h">
      <Filter>Header Files</Filter>
    </ClInclude>
    <ClInclude Include="transformations.h">
      <Filter>Header Files</Filter>
    </ClInclude>
    <ClInclude Include="resource1.h" />
  </ItemGroup>
  <ItemGroup>
    <Text Include="Test\Benchmark.txt">
      <Filter>Other files</Filter>
    </Text>
    <Text Include="Copyright.txt" />
    <Text Include="README.txt" />
  </ItemGroup>
  <ItemGroup>
    <Image Include="Test\Sample.jpg">
      <Filter>Other files</Filter>
    </Image>
  </ItemGroup>
  <ItemGroup>
    <CustomBuild Include="Test\Attack.bat">
      <Filter>Other files</Filter>
    </CustomBuild>
    <CustomBuild Include="Test\Detect.bat">
      <Filter>Other files</Filter>
    </CustomBuild>
    <CustomBuild Include="Makefile">
      <Filter>Other files</Filter>
    </CustomBuild>
    <CustomBuild Include="Test\PSNR.bat">
      <Filter>Other files</Filter>
    </CustomBuild>
    <CustomBuild Include="Test\Sample.pgm">
      <Filter>Other files</Filter>
    </CustomBuild>
    <CustomBuild Include="Test\Sample.ppm">
      <Filter>Other files</Filter>
    </CustomBuild>
    <CustomBuild Include="stirmark.1">
      <Filter>Other files</Filter>
    </CustomBuild>
    <CustomBuild Include="Test\test.bat">
      <Filter>Other files</Filter>
    </CustomBuild>
    <CustomBuild Include="Test\Watermark.bat">
      <Filter>Other files</Filter>
    </CustomBuild>
  </ItemGroup>
  <ItemGroup>
    <ResourceCompile Include="StirMark.rc" />
  </ItemGroup>
</Project>